{
  "requires": true,
  "lockfileVersion": 1,
  "dependencies": {
    "pyright": {
      "version": "1.1.104",
      "resolved": "https://registry.npmjs.org/pyright/-/pyright-1.1.104.tgz",
      "integrity": "sha512-dCO/paQGsARjPA5gCTJBUSHns2gk9Vc5MHCYMrjtP4RAEO2OXbrfNewz6AF/yiqB2y+NFro2/MDwy9SwVnikSQ==",
      "dev": true
    }
  }
}
