{
  "name": "beet",
  "lockfileVersion": 2,
  "requires": true,
  "packages": {
    "": {
      "devDependencies": {
        "pyright": "^1.1.184"
      }
    },
    "node_modules/pyright": {
      "version": "1.1.184",
      "resolved": "https://registry.npmjs.org/pyright/-/pyright-1.1.184.tgz",
      "integrity": "sha512-SK/2cvIdj9hrkDasxVahK3Keo2fWgwN5phjwOyWGobW5KN1HLYWXQX335ls1FvC0ccWpGZfOBSmTWSu/JjpgFg==",
      "dev": true,
      "bin": {
        "pyright": "index.js",
        "pyright-langserver": "langserver.index.js"
      },
      "engines": {
        "node": ">=12.0.0"
      }
    }
  },
  "dependencies": {
    "pyright": {
      "version": "1.1.184",
      "resolved": "https://registry.npmjs.org/pyright/-/pyright-1.1.184.tgz",
      "integrity": "sha512-SK/2cvIdj9hrkDasxVahK3Keo2fWgwN5phjwOyWGobW5KN1HLYWXQX335ls1FvC0ccWpGZfOBSmTWSu/JjpgFg==",
      "dev": true
    }
  }
}
