{
  "name": "beet",
  "lockfileVersion": 2,
  "requires": true,
  "packages": {
    "": {
      "devDependencies": {
        "pyright": "^1.1.164"
      }
    },
    "node_modules/pyright": {
      "version": "1.1.164",
      "resolved": "https://registry.npmjs.org/pyright/-/pyright-1.1.164.tgz",
      "integrity": "sha512-8c2tlvuMoRbjBRUXHskeKxGviOvLeCAM/WAS/SR0JAAaiFpUud+8CoKS+0tlDXT6RD7Ny2qyNhAwWhbN0wrDmg==",
      "dev": true,
      "bin": {
        "pyright": "index.js",
        "pyright-langserver": "langserver.index.js"
      },
      "engines": {
        "node": ">=12.0.0"
      }
    }
  },
  "dependencies": {
    "pyright": {
      "version": "1.1.164",
      "resolved": "https://registry.npmjs.org/pyright/-/pyright-1.1.164.tgz",
      "integrity": "sha512-8c2tlvuMoRbjBRUXHskeKxGviOvLeCAM/WAS/SR0JAAaiFpUud+8CoKS+0tlDXT6RD7Ny2qyNhAwWhbN0wrDmg==",
      "dev": true
    }
  }
}
