{
  "name": "bolt",
  "lockfileVersion": 2,
  "requires": true,
  "packages": {
    "": {
      "devDependencies": {
        "pyright": "^1.1.243"
      }
    },
    "node_modules/pyright": {
      "version": "1.1.243",
      "resolved": "https://registry.npmjs.org/pyright/-/pyright-1.1.243.tgz",
      "integrity": "sha512-0PUyHTSr+LyE9Ej0A7tB8tM4pzAr34o1c3rHtfaBdZ2265HPvPE/Kj92ljX2F00Q6uAeZyyLEmzPOTuKh2WC8Q==",
      "dev": true,
      "bin": {
        "pyright": "index.js",
        "pyright-langserver": "langserver.index.js"
      },
      "engines": {
        "node": ">=12.0.0"
      }
    }
  },
  "dependencies": {
    "pyright": {
      "version": "1.1.243",
      "resolved": "https://registry.npmjs.org/pyright/-/pyright-1.1.243.tgz",
      "integrity": "sha512-0PUyHTSr+LyE9Ej0A7tB8tM4pzAr34o1c3rHtfaBdZ2265HPvPE/Kj92ljX2F00Q6uAeZyyLEmzPOTuKh2WC8Q==",
      "dev": true
    }
  }
}
