{
  "name": "mecha",
  "lockfileVersion": 2,
  "requires": true,
  "packages": {
    "": {
      "devDependencies": {
        "pyright": "^1.1.229"
      }
    },
    "node_modules/pyright": {
      "version": "1.1.229",
      "resolved": "https://registry.npmjs.org/pyright/-/pyright-1.1.229.tgz",
      "integrity": "sha512-eEmhg/8zJRf9a4EHkchxce/ihuL7FBd5Nk3O1Y3MRjUfrZwwyNNCgHYHIFi/OYajodlNhg3GJjSc6+1poZ3vvg==",
      "dev": true,
      "bin": {
        "pyright": "index.js",
        "pyright-langserver": "langserver.index.js"
      },
      "engines": {
        "node": ">=12.0.0"
      }
    }
  },
  "dependencies": {
    "pyright": {
      "version": "1.1.229",
      "resolved": "https://registry.npmjs.org/pyright/-/pyright-1.1.229.tgz",
      "integrity": "sha512-eEmhg/8zJRf9a4EHkchxce/ihuL7FBd5Nk3O1Y3MRjUfrZwwyNNCgHYHIFi/OYajodlNhg3GJjSc6+1poZ3vvg==",
      "dev": true
    }
  }
}
