{
  "name": "mecha",
  "lockfileVersion": 2,
  "requires": true,
  "packages": {
    "": {
      "devDependencies": {
        "pyright": "^1.1.270"
      }
    },
    "node_modules/pyright": {
      "version": "1.1.270",
      "resolved": "https://registry.npmjs.org/pyright/-/pyright-1.1.270.tgz",
      "integrity": "sha512-9SmZfgAhByPeMk0AAb41lAXENjoC1gGXKCP4qaexGAEu9pOYSUMQFgNTyRzKizafa6LtIBGGhgSaJrpWZyBn7w==",
      "dev": true,
      "bin": {
        "pyright": "index.js",
        "pyright-langserver": "langserver.index.js"
      },
      "engines": {
        "node": ">=12.0.0"
      }
    }
  },
  "dependencies": {
    "pyright": {
      "version": "1.1.270",
      "resolved": "https://registry.npmjs.org/pyright/-/pyright-1.1.270.tgz",
      "integrity": "sha512-9SmZfgAhByPeMk0AAb41lAXENjoC1gGXKCP4qaexGAEu9pOYSUMQFgNTyRzKizafa6LtIBGGhgSaJrpWZyBn7w==",
      "dev": true
    }
  }
}
