{
  "name": "mecha",
  "lockfileVersion": 2,
  "requires": true,
  "packages": {
    "": {
      "devDependencies": {
        "pyright": "^1.1.155"
      }
    },
    "node_modules/pyright": {
      "version": "1.1.155",
      "resolved": "https://registry.npmjs.org/pyright/-/pyright-1.1.155.tgz",
      "integrity": "sha512-y7VqgiOMiLqzFzQ6LCVUtyb8VCsVbwzOHw16A5YxidGmARRYvFn1kIf1uCDqj3ytxrOcVHyptq90/TSffU0hZg==",
      "dev": true,
      "bin": {
        "pyright": "index.js",
        "pyright-langserver": "langserver.index.js"
      },
      "engines": {
        "node": ">=12.0.0"
      }
    }
  },
  "dependencies": {
    "pyright": {
      "version": "1.1.155",
      "resolved": "https://registry.npmjs.org/pyright/-/pyright-1.1.155.tgz",
      "integrity": "sha512-y7VqgiOMiLqzFzQ6LCVUtyb8VCsVbwzOHw16A5YxidGmARRYvFn1kIf1uCDqj3ytxrOcVHyptq90/TSffU0hZg==",
      "dev": true
    }
  }
}
