{
  "name": "lectern",
  "lockfileVersion": 2,
  "requires": true,
  "packages": {
    "": {
      "devDependencies": {
        "pyright": "^1.1.254"
      }
    },
    "node_modules/pyright": {
      "version": "1.1.254",
      "resolved": "https://registry.npmjs.org/pyright/-/pyright-1.1.254.tgz",
      "integrity": "sha512-YDbIqr55EkwRCFSVjWxj8KOwBTMVK1U3HLLdqp+W3n+88S31YbRERrCni9izmtt5i4wnuhf7oRI/9K8KwLxmgQ==",
      "dev": true,
      "bin": {
        "pyright": "index.js",
        "pyright-langserver": "langserver.index.js"
      },
      "engines": {
        "node": ">=12.0.0"
      }
    }
  },
  "dependencies": {
    "pyright": {
      "version": "1.1.254",
      "resolved": "https://registry.npmjs.org/pyright/-/pyright-1.1.254.tgz",
      "integrity": "sha512-YDbIqr55EkwRCFSVjWxj8KOwBTMVK1U3HLLdqp+W3n+88S31YbRERrCni9izmtt5i4wnuhf7oRI/9K8KwLxmgQ==",
      "dev": true
    }
  }
}
