{
  "name": "lectern",
  "lockfileVersion": 2,
  "requires": true,
  "packages": {
    "": {
      "devDependencies": {
        "pyright": "^1.1.166"
      }
    },
    "node_modules/pyright": {
      "version": "1.1.166",
      "resolved": "https://registry.npmjs.org/pyright/-/pyright-1.1.166.tgz",
      "integrity": "sha512-mO+iPT2dhHzlplAV3iKE6u4gUstGZxxLyMSRd1PKZqWhwhTCCGjn3/7VqbAwUt4fuhY8g0V+SAsu+MPT4H3FvQ==",
      "dev": true,
      "bin": {
        "pyright": "index.js",
        "pyright-langserver": "langserver.index.js"
      },
      "engines": {
        "node": ">=12.0.0"
      }
    }
  },
  "dependencies": {
    "pyright": {
      "version": "1.1.166",
      "resolved": "https://registry.npmjs.org/pyright/-/pyright-1.1.166.tgz",
      "integrity": "sha512-mO+iPT2dhHzlplAV3iKE6u4gUstGZxxLyMSRd1PKZqWhwhTCCGjn3/7VqbAwUt4fuhY8g0V+SAsu+MPT4H3FvQ==",
      "dev": true
    }
  }
}
