{
  "name": "lectern",
  "lockfileVersion": 2,
  "requires": true,
  "packages": {
    "": {
      "devDependencies": {
        "pyright": "^1.1.147"
      }
    },
    "node_modules/pyright": {
      "version": "1.1.147",
      "resolved": "https://registry.npmjs.org/pyright/-/pyright-1.1.147.tgz",
      "integrity": "sha512-xHfJWctf83cQF/F/PfgByknHUB0ydE9ChnQGdWZ+Hb2zjy/Qniq77xUZkCehl24RgQbk0M0nGxvMApO77PhIxw==",
      "dev": true,
      "bin": {
        "pyright": "index.js",
        "pyright-langserver": "langserver.index.js"
      },
      "engines": {
        "node": ">=12.0.0"
      }
    }
  },
  "dependencies": {
    "pyright": {
      "version": "1.1.147",
      "resolved": "https://registry.npmjs.org/pyright/-/pyright-1.1.147.tgz",
      "integrity": "sha512-xHfJWctf83cQF/F/PfgByknHUB0ydE9ChnQGdWZ+Hb2zjy/Qniq77xUZkCehl24RgQbk0M0nGxvMApO77PhIxw==",
      "dev": true
    }
  }
}
